{
  "pins" : [
    {
      "identity" : "litext",
      "kind" : "remoteSourceControl",
      "location" : "https://github.com/Lakr233/Litext",
      "state" : {
        "revision" : "0a5abb015a53776d61291a96c4cf452f5b49e13e",
        "version" : "0.4.2"
      }
    },
    {
      "identity" : "lookinserver",
      "kind" : "remoteSourceControl",
      "location" : "https://github.com/QMUI/LookinServer/",
      "state" : {
        "revision" : "e553d1b689d147817dc54ad5c28fcff71e860101",
        "version" : "1.2.8"
      }
    },
    {
      "identity" : "splash",
      "kind" : "remoteSourceControl",
      "location" : "https://github.com/Lakr233/Splash",
      "state" : {
        "revision" : "4d997712fe07f75695aacdf287aeb3b1f2c6ab88",
        "version" : "0.17.0"
      }
    },
    {
      "identity" : "swift-cmark",
      "kind" : "remoteSourceControl",
      "location" : "https://github.com/Lakr233/swift-cmark",
      "state" : {
        "revision" : "65cccbe1098cddf9311061995b70eb439d5901f6",
        "version" : "0.6.1"
      }
    },
    {
      "identity" : "swift-collections",
      "kind" : "remoteSourceControl",
      "location" : "https://github.com/apple/swift-collections",
      "state" : {
        "revision" : "c1805596154bb3a265fd91b8ac0c4433b4348fb0",
        "version" : "1.2.0"
      }
    },
    {
      "identity" : "swiftmath",
      "kind" : "remoteSourceControl",
      "location" : "https://github.com/mgriebling/SwiftMath",
      "state" : {
        "revision" : "606f9be66db6afe0c41c3b064723a57061723db7",
        "version" : "1.7.1"
      }
    }
  ],
  "version" : 2
}
